
Microsoft Visual Studio Solution File, Format Version 12.00
# Visual Studio Version 17
VisualStudioVersion = 17.10.35004.147
MinimumVisualStudioVersion = 10.0.40219.1
Project("{FAE04EC0-301F-11D3-BF4B-00C04F79EFBC}") = "OOP_ProyectoFinal", "OOP_ProyectoFinal.csproj", "{4F9A24E8-839A-4B2E-99C4-7184692C2503}"
EndProject
Global
	GlobalSection(SolutionConfigurationPlatforms) = preSolution
		Debug|Any CPU = Debug|Any CPU
		Release|Any CPU = Release|Any CPU
	EndGlobalSection
	GlobalSection(ProjectConfigurationPlatforms) = postSolution
		{4F9A24E8-839A-4B2E-99C4-7184692C2503}.Debug|Any CPU.ActiveCfg = Debug|Any CPU
		{4F9A24E8-839A-4B2E-99C4-7184692C2503}.Debug|Any CPU.Build.0 = Debug|Any CPU
		{4F9A24E8-839A-4B2E-99C4-7184692C2503}.Release|Any CPU.ActiveCfg = Release|Any CPU
		{4F9A24E8-839A-4B2E-99C4-7184692C2503}.Release|Any CPU.Build.0 = Release|Any CPU
	EndGlobalSection
	GlobalSection(SolutionProperties) = preSolution
		HideSolutionNode = FALSE
	EndGlobalSection
	GlobalSection(ExtensibilityGlobals) = postSolution
		SolutionGuid = {0456B1F8-981C-4F42-9E84-BC718C1C411C}
	EndGlobalSection
EndGlobal
